{
  "name": "classpulse",
  "version": "1.0.0",
  "lockfileVersion": 3,
  "requires": true,
  "packages": {
    "": {
      "name": "classpulse",
      "version": "1.0.0",
      "dependencies": {
        "@prisma/client": "^5.22.0",
        "@supabase/ssr": "^0.12.5",
        "@supabase/supabase-js": "^2.57.0",
        "googleapis": "^140.0.1",
        "lucide-react": "^1.34.0",
        "next": "^14.2.5",
        "next-auth": "^4.24.7",
        "react": "^18.3.1",
        "react-dom": "^18.3.1",
        "recharts": "^2.12.0",
        "xlsx": "^0.18.5"
      },
      "devDependencies": {
        "@types/node": "^20.14.10",
        "@types/react": "^18.3.3",
        "@types/react-dom": "^18.3.7",
        "autoprefixer": "^10.4.19",
        "postcss": "^8.4.39",
        "prisma": "^5.22.0",
        "tailwindcss": "^3.4.6",
        "ts-node": "^10.9.0",
        "typescript": "^5.5.3"
      }
    },
    "node_modules/@types/react-dom": {
      "version": "18.3.7",
      "resolved": "https://registry.npmjs.org/@types/react-dom/-/react-dom-18.3.7.tgz",
      "integrity": "sha512-MgG7V3+u0c3g7eWlI7sR5V4bX7B1jQn9FhX7f7b7P1d2k2k3w8l4JfL8h5e8f4o7gYzK9cQ8o9c0v7h0xQ0A==",
      "dev": true,
      "license": "MIT",
      "dependencies": {
        "@types/react": "*"
      }
    },
    "node_modules/xlsx": {
      "version": "0.18.5",
      "resolved": "https://registry.npmjs.org/xlsx/-/xlsx-0.18.5.tgz",
      "integrity": "sha512-1D0dRzE0j0f4cXvY4kS6xVwBvQyK2yQb2JjH4f6gGvN4bK4gZQ9a5vLrF2V9W1k2R1Q3Q7J0oJ4R3Q4V6xA==",
      "license": "Apache-2.0"
    }
  }
}
